
Microsoft Visual Studio Solution File, Format Version 12.00
# Visual Studio 15
VisualStudioVersion = 15.0.27130.2010
MinimumVisualStudioVersion = 10.0.40219.1
Project("{E24C65DC-7377-472B-9ABA-BC803B73C61A}") = "Lucky7Site", ".", "{6639C37B-586D-4978-962C-1C05F4F45A96}"
	ProjectSection(WebsiteProperties) = preProject
		TargetFrameworkMoniker = ".NETFramework,Version%3Dv4.6.1"
		Debug.AspNetCompiler.VirtualPath = "/localhost_50973"
		Debug.AspNetCompiler.PhysicalPath = "..\Lucky7Site\"
		Debug.AspNetCompiler.TargetPath = "PrecompiledWeb\localhost_50973\"
		Debug.AspNetCompiler.Updateable = "true"
		Debug.AspNetCompiler.ForceOverwrite = "true"
		Debug.AspNetCompiler.FixedNames = "false"
		Debug.AspNetCompiler.Debug = "True"
		Release.AspNetCompiler.VirtualPath = "/localhost_50973"
		Release.AspNetCompiler.PhysicalPath = "..\Lucky7Site\"
		Release.AspNetCompiler.TargetPath = "PrecompiledWeb\localhost_50973\"
		Release.AspNetCompiler.Updateable = "true"
		Release.AspNetCompiler.ForceOverwrite = "true"
		Release.AspNetCompiler.FixedNames = "false"
		Release.AspNetCompiler.Debug = "False"
		VWDPort = "50973"
		SlnRelativePath = "..\Lucky7Site\"
		DefaultWebSiteLanguage = "Visual C#"
	EndProjectSection
EndProject
Global
	GlobalSection(SolutionConfigurationPlatforms) = preSolution
		Debug|Any CPU = Debug|Any CPU
	EndGlobalSection
	GlobalSection(ProjectConfigurationPlatforms) = postSolution
		{6639C37B-586D-4978-962C-1C05F4F45A96}.Debug|Any CPU.ActiveCfg = Debug|Any CPU
		{6639C37B-586D-4978-962C-1C05F4F45A96}.Debug|Any CPU.Build.0 = Debug|Any CPU
	EndGlobalSection
	GlobalSection(SolutionProperties) = preSolution
		HideSolutionNode = FALSE
	EndGlobalSection
	GlobalSection(ExtensibilityGlobals) = postSolution
		SolutionGuid = {F4B4029E-8EF6-4217-9433-4A11AC0641B0}
	EndGlobalSection
EndGlobal
